<?xml version="1.0" encoding="utf-8"?>
<Project ToolsVersion="4.0" xmlns="http://schemas.microsoft.com/developer/msbuild/2003">
  <ItemGroup>
    <Filter Include="Source Files">
      <UniqueIdentifier>{4FC737F1-C7A5-4376-A066-2A32D752A2FF}</UniqueIdentifier>
      <Extensions>cpp;c;cc;cxx;def;odl;idl;hpj;bat;asm;asmx</Extensions>
    </Filter>
    <Filter Include="Header Files">
      <UniqueIdentifier>{93995380-89BD-4b04-88EB-625FBE52EBFB}</UniqueIdentifier>
      <Extensions>h;hh;hpp;hxx;hm;inl;inc;ipp;xsd</Extensions>
    </Filter>
    <Filter Include="Resource Files">
      <UniqueIdentifier>{67DA6AB6-F800-4c08-8B7A-83BB121AAD01}</UniqueIdentifier>
      <Extensions>rc;ico;cur;bmp;dlg;rc2;rct;bin;rgs;gif;jpg;jpeg;jpe;resx;tiff;tif;png;wav;mfcribbon-ms</Extensions>
    </Filter>
    <Filter Include="Shaders">
      <UniqueIdentifier>{1a428bd7-3483-4b5f-9a08-4cda1ac17667}</UniqueIdentifier>
    </Filter>
    <Filter Include="Header Files\Components">
      <UniqueIdentifier>{2dc76219-0f55-41ac-8826-f757c6e0c0dd}</UniqueIdentifier>
    </Filter>
    <Filter Include="Header Files\Managers">
      <UniqueIdentifier>{2c719d45-6792-4a4b-be79-d32a9882d9e7}</UniqueIdentifier>
    </Filter>
    <Filter Include="Shaders\Debug">
      <UniqueIdentifier>{ba2d5148-2c20-4cbd-b0b5-d66923d1ffb2}</UniqueIdentifier>
    </Filter>
    <Filter Include="Shaders\Shadow Mapping">
      <UniqueIdentifier>{a8726ed2-0d37-4ab5-a3b0-d9a77270e782}</UniqueIdentifier>
    </Filter>
    <Filter Include="Shaders\Particle System">
      <UniqueIdentifier>{dd41babf-482a-4fc6-b0e7-3c852cddf146}</UniqueIdentifier>
    </Filter>
    <Filter Include="Shaders\Skybox">
      <UniqueIdentifier>{64346b8a-8e70-4c1b-ab3c-9c5cae620327}</UniqueIdentifier>
    </Filter>
    <Filter Include="Shaders\Includes">
      <UniqueIdentifier>{3a6bc1c2-48ff-48a4-a7c0-b9ca22abe6f3}</UniqueIdentifier>
    </Filter>
    <Filter Include="Shaders\Default">
      <UniqueIdentifier>{32b29f45-623a-4153-9dc0-29639bc7b370}</UniqueIdentifier>
    </Filter>
    <Filter Include="Header Files\Render Interfaces">
      <UniqueIdentifier>{5d468666-67ea-479e-9a7a-a7577ebe303a}</UniqueIdentifier>
    </Filter>
    <Filter Include="Source Files\Components">
      <UniqueIdentifier>{23cd94b7-6e48-4857-98ee-4b4c20c2693e}</UniqueIdentifier>
    </Filter>
    <Filter Include="Source Files\Managers">
      <UniqueIdentifier>{7469aae3-09b7-434d-8daf-c1fa3b24c690}</UniqueIdentifier>
    </Filter>
    <Filter Include="Source Files\Render Interfaces">
      <UniqueIdentifier>{9c66b344-947d-4e70-8974-f58a09c8c750}</UniqueIdentifier>
    </Filter>
    <Filter Include="Header Files\Render Passes">
      <UniqueIdentifier>{73bc9e08-276f-4c4a-9d4b-50d976eb6f68}</UniqueIdentifier>
    </Filter>
    <Filter Include="Source Files\Render Passes">
      <UniqueIdentifier>{ed785ee6-ac0c-4264-bd9d-68a44058070e}</UniqueIdentifier>
    </Filter>
    <Filter Include="Header Files\Scene Interfaces">
      <UniqueIdentifier>{42b7c52d-9145-4428-99b7-59716dd3d421}</UniqueIdentifier>
    </Filter>
    <Filter Include="Source Files\Scene Interfaces">
      <UniqueIdentifier>{a54de2a6-1865-4ae7-a988-73530a29d6b4}</UniqueIdentifier>
    </Filter>
  </ItemGroup>
  <ItemGroup>
    <ClInclude Include="inc\EngineIncludes.h">
      <Filter>Header Files</Filter>
    </ClInclude>
    <ClInclude Include="inc\ClearRenderTargetPass.h">
      <Filter>Header Files\Render Passes</Filter>
    </ClInclude>
    <ClInclude Include="inc\DebugPass.h">
      <Filter>Header Files\Render Passes</Filter>
    </ClInclude>
    <ClInclude Include="inc\OpaquePass.h">
      <Filter>Header Files\Render Passes</Filter>
    </ClInclude>
    <ClInclude Include="inc\RenderPass.h">
      <Filter>Header Files\Render Passes</Filter>
    </ClInclude>
    <ClInclude Include="inc\ShadowPass.h">
      <Filter>Header Files\Render Passes</Filter>
    </ClInclude>
    <ClInclude Include="inc\SkyboxPass.h">
      <Filter>Header Files\Render Passes</Filter>
    </ClInclude>
    <ClInclude Include="inc\TransparentPass.h">
      <Filter>Header Files\Render Passes</Filter>
    </ClInclude>
    <ClInclude Include="inc\Animator.h">
      <Filter>Header Files\Components</Filter>
    </ClInclude>
    <ClInclude Include="inc\Component.h">
      <Filter>Header Files\Components</Filter>
    </ClInclude>
    <ClInclude Include="inc\Light.h">
      <Filter>Header Files\Components</Filter>
    </ClInclude>
    <ClInclude Include="inc\MeshRenderer.h">
      <Filter>Header Files\Components</Filter>
    </ClInclude>
    <ClInclude Include="inc\ParticleSystem.h">
      <Filter>Header Files\Components</Filter>
    </ClInclude>
    <ClInclude Include="inc\DebugManager.h">
      <Filter>Header Files\Managers</Filter>
    </ClInclude>
    <ClInclude Include="inc\RenderPipelineManager.h">
      <Filter>Header Files\Managers</Filter>
    </ClInclude>
    <ClInclude Include="inc\Buffer.h">
      <Filter>Header Files\Render Interfaces</Filter>
    </ClInclude>
    <ClInclude Include="inc\Material.h">
      <Filter>Header Files\Render Interfaces</Filter>
    </ClInclude>
    <ClInclude Include="inc\Mesh.h">
      <Filter>Header Files\Render Interfaces</Filter>
    </ClInclude>
    <ClInclude Include="inc\RenderState.h">
      <Filter>Header Files\Render Interfaces</Filter>
    </ClInclude>
    <ClInclude Include="inc\RenderTarget.h">
      <Filter>Header Files\Render Interfaces</Filter>
    </ClInclude>
    <ClInclude Include="inc\RenderWindow.h">
      <Filter>Header Files\Render Interfaces</Filter>
    </ClInclude>
    <ClInclude Include="inc\SamplerState.h">
      <Filter>Header Files\Render Interfaces</Filter>
    </ClInclude>
    <ClInclude Include="inc\Shader.h">
      <Filter>Header Files\Render Interfaces</Filter>
    </ClInclude>
    <ClInclude Include="inc\Texture.h">
      <Filter>Header Files\Render Interfaces</Filter>
    </ClInclude>
    <ClInclude Include="inc\Viewport.h">
      <Filter>Header Files\Render Interfaces</Filter>
    </ClInclude>
    <ClInclude Include="src\XTime.h">
      <Filter>Header Files</Filter>
    </ClInclude>
    <ClInclude Include="inc\RenderTypes.h">
      <Filter>Header Files</Filter>
    </ClInclude>
    <ClInclude Include="inc\Frustum.h">
      <Filter>Header Files\Scene Interfaces</Filter>
    </ClInclude>
    <ClInclude Include="inc\Camera.h">
      <Filter>Header Files\Scene Interfaces</Filter>
    </ClInclude>
    <ClInclude Include="inc\Scene.h">
      <Filter>Header Files\Scene Interfaces</Filter>
    </ClInclude>
    <ClInclude Include="inc\Transform.h">
      <Filter>Header Files\Components</Filter>
    </ClInclude>
    <ClInclude Include="inc\FileManager.h">
      <Filter>Header Files\Managers</Filter>
    </ClInclude>
    <ClInclude Include="inc\AABB.h">
      <Filter>Header Files\Components</Filter>
    </ClInclude>
    <ClInclude Include="inc\GameObject.h">
      <Filter>Header Files\Scene Interfaces</Filter>
    </ClInclude>
    <ClInclude Include="inc\Application.h">
      <Filter>Header Files</Filter>
    </ClInclude>
    <ClInclude Include="inc\RenderDevice.h">
      <Filter>Header Files\Render Interfaces</Filter>
    </ClInclude>
  </ItemGroup>
  <ItemGroup>
    <FxCompile Include="shaders\DebugPixelShader.hlsl">
      <Filter>Shaders\Debug</Filter>
    </FxCompile>
    <FxCompile Include="shaders\DebugVertexShader.hlsl">
      <Filter>Shaders\Debug</Filter>
    </FxCompile>
    <FxCompile Include="shaders\DepthPixelShader.hlsl">
      <Filter>Shaders\Shadow Mapping</Filter>
    </FxCompile>
    <FxCompile Include="shaders\DepthVertexShader.hlsl">
      <Filter>Shaders\Shadow Mapping</Filter>
    </FxCompile>
    <FxCompile Include="shaders\ParticleComputeShader.hlsl">
      <Filter>Shaders\Particle System</Filter>
    </FxCompile>
    <FxCompile Include="shaders\ParticleGeometryShader.hlsl">
      <Filter>Shaders\Particle System</Filter>
    </FxCompile>
    <FxCompile Include="shaders\ParticlePixelShader.hlsl">
      <Filter>Shaders\Particle System</Filter>
    </FxCompile>
    <FxCompile Include="shaders\ParticleVertexShader.hlsl">
      <Filter>Shaders\Particle System</Filter>
    </FxCompile>
    <FxCompile Include="shaders\SkyboxVertexShader.hlsl">
      <Filter>Shaders\Skybox</Filter>
    </FxCompile>
    <FxCompile Include="shaders\SkyboxPixelShader.hlsl">
      <Filter>Shaders\Skybox</Filter>
    </FxCompile>
    <FxCompile Include="shaders\LitPixelShader.hlsl">
      <Filter>Shaders\Default</Filter>
    </FxCompile>
    <FxCompile Include="shaders\VertexShader.hlsl">
      <Filter>Shaders\Default</Filter>
    </FxCompile>
  </ItemGroup>
  <ItemGroup>
    <None Include="shaders\PixelShaderIncludes.hlsli">
      <Filter>Shaders\Includes</Filter>
    </None>
    <None Include="shaders\VertexShaderIncludes.hlsli">
      <Filter>Shaders\Includes</Filter>
    </None>
  </ItemGroup>
  <ItemGroup>
    <ClCompile Include="src\DDSTextureLoader.cpp">
      <Filter>Source Files</Filter>
    </ClCompile>
    <ClCompile Include="src\WICTextureLoader.cpp">
      <Filter>Source Files</Filter>
    </ClCompile>
    <ClCompile Include="src\XTime.cpp">
      <Filter>Source Files</Filter>
    </ClCompile>
    <ClCompile Include="src\Animator.cpp">
      <Filter>Source Files\Components</Filter>
    </ClCompile>
    <ClCompile Include="src\Component.cpp">
      <Filter>Source Files\Components</Filter>
    </ClCompile>
    <ClCompile Include="src\Light.cpp">
      <Filter>Source Files\Components</Filter>
    </ClCompile>
    <ClCompile Include="src\MeshRenderer.cpp">
      <Filter>Source Files\Components</Filter>
    </ClCompile>
    <ClCompile Include="src\ParticleSystem.cpp">
      <Filter>Source Files\Components</Filter>
    </ClCompile>
    <ClCompile Include="src\DebugManager.cpp">
      <Filter>Source Files\Managers</Filter>
    </ClCompile>
    <ClCompile Include="src\RenderPipelineManager.cpp">
      <Filter>Source Files\Managers</Filter>
    </ClCompile>
    <ClCompile Include="src\Buffer.cpp">
      <Filter>Source Files\Render Interfaces</Filter>
    </ClCompile>
    <ClCompile Include="src\Material.cpp">
      <Filter>Source Files\Render Interfaces</Filter>
    </ClCompile>
    <ClCompile Include="src\Mesh.cpp">
      <Filter>Source Files\Render Interfaces</Filter>
    </ClCompile>
    <ClCompile Include="src\RenderState.cpp">
      <Filter>Source Files\Render Interfaces</Filter>
    </ClCompile>
    <ClCompile Include="src\RenderTarget.cpp">
      <Filter>Source Files\Render Interfaces</Filter>
    </ClCompile>
    <ClCompile Include="src\RenderWindow.cpp">
      <Filter>Source Files\Render Interfaces</Filter>
    </ClCompile>
    <ClCompile Include="src\SamplerState.cpp">
      <Filter>Source Files\Render Interfaces</Filter>
    </ClCompile>
    <ClCompile Include="src\Shader.cpp">
      <Filter>Source Files\Render Interfaces</Filter>
    </ClCompile>
    <ClCompile Include="src\Texture.cpp">
      <Filter>Source Files\Render Interfaces</Filter>
    </ClCompile>
    <ClCompile Include="src\Viewport.cpp">
      <Filter>Source Files\Render Interfaces</Filter>
    </ClCompile>
    <ClCompile Include="src\ClearRenderTargetPass.cpp">
      <Filter>Source Files\Render Passes</Filter>
    </ClCompile>
    <ClCompile Include="src\DebugPass.cpp">
      <Filter>Source Files\Render Passes</Filter>
    </ClCompile>
    <ClCompile Include="src\OpaquePass.cpp">
      <Filter>Source Files\Render Passes</Filter>
    </ClCompile>
    <ClCompile Include="src\RenderPass.cpp">
      <Filter>Source Files\Render Passes</Filter>
    </ClCompile>
    <ClCompile Include="src\ShadowPass.cpp">
      <Filter>Source Files\Render Passes</Filter>
    </ClCompile>
    <ClCompile Include="src\SkyboxPass.cpp">
      <Filter>Source Files\Render Passes</Filter>
    </ClCompile>
    <ClCompile Include="src\TransparentPass.cpp">
      <Filter>Source Files\Render Passes</Filter>
    </ClCompile>
    <ClCompile Include="src\Camera.cpp">
      <Filter>Source Files\Scene Interfaces</Filter>
    </ClCompile>
    <ClCompile Include="src\Frustum.cpp">
      <Filter>Source Files\Scene Interfaces</Filter>
    </ClCompile>
    <ClCompile Include="src\Scene.cpp">
      <Filter>Source Files\Scene Interfaces</Filter>
    </ClCompile>
    <ClCompile Include="src\Transform.cpp">
      <Filter>Source Files\Components</Filter>
    </ClCompile>
    <ClCompile Include="src\FileManager.cpp">
      <Filter>Source Files\Managers</Filter>
    </ClCompile>
    <ClCompile Include="src\AABB.cpp">
      <Filter>Source Files\Components</Filter>
    </ClCompile>
    <ClCompile Include="src\GameObject.cpp">
      <Filter>Source Files\Scene Interfaces</Filter>
    </ClCompile>
    <ClCompile Include="src\Application.cpp">
      <Filter>Source Files</Filter>
    </ClCompile>
    <ClCompile Include="src\RenderDevice.cpp">
      <Filter>Source Files\Render Interfaces</Filter>
    </ClCompile>
  </ItemGroup>
</Project>