<?xml version="1.0" encoding="utf-8"?>
<Project ToolsVersion="4.0" xmlns="http://schemas.microsoft.com/developer/msbuild/2003">
  <ItemGroup>
    <ClCompile Include="src\RedAudio.cpp">
      <Filter>Source Files\Audio</Filter>
    </ClCompile>
    <ClCompile Include="src\RedAudioManager.cpp">
      <Filter>Source Files\Audio</Filter>
    </ClCompile>
    <ClCompile Include="src\AiMoves.cpp">
      <Filter>Source Files\Character</Filter>
    </ClCompile>
    <ClCompile Include="src\Character.cpp">
      <Filter>Source Files\Character</Filter>
    </ClCompile>
    <ClCompile Include="src\CharacterFactory.cpp">
      <Filter>Source Files\Character</Filter>
    </ClCompile>
    <ClCompile Include="src\EnemyComponent.cpp">
      <Filter>Source Files\Character</Filter>
    </ClCompile>
    <ClCompile Include="src\HeroComponent.cpp">
      <Filter>Source Files\Character</Filter>
    </ClCompile>
    <ClCompile Include="src\BattleInstance.cpp">
      <Filter>Source Files\Game Management</Filter>
    </ClCompile>
    <ClCompile Include="src\CameraController.cpp">
      <Filter>Source Files\Game Management</Filter>
    </ClCompile>
    <ClCompile Include="src\LoadingScreenController.cpp">
      <Filter>Source Files\Game Management</Filter>
    </ClCompile>
    <ClCompile Include="src\SaveLoad.cpp">
      <Filter>Source Files\Game Management</Filter>
    </ClCompile>
    <ClCompile Include="src\TeamManager.cpp">
      <Filter>Source Files\Game Management</Filter>
    </ClCompile>
    <ClCompile Include="src\TowerManager.cpp">
      <Filter>Source Files\Game Management</Filter>
    </ClCompile>
    <ClCompile Include="src\Attack.cpp">
      <Filter>Source Files\Skills</Filter>
    </ClCompile>
    <ClCompile Include="src\Buffs.cpp">
      <Filter>Source Files\Skills</Filter>
    </ClCompile>
    <ClCompile Include="src\Heal.cpp">
      <Filter>Source Files\Skills</Filter>
    </ClCompile>
    <ClCompile Include="src\ParticleMover.cpp">
      <Filter>Source Files\Skills</Filter>
    </ClCompile>
    <ClCompile Include="src\Skills.cpp">
      <Filter>Source Files\Skills</Filter>
    </ClCompile>
    <ClCompile Include="src\SkillShowcase.cpp">
      <Filter>Source Files\Skills</Filter>
    </ClCompile>
    <ClCompile Include="src\StatTracker.cpp">
      <Filter>Source Files\Stat Tracking</Filter>
    </ClCompile>
    <ClCompile Include="src\Bleed.cpp">
      <Filter>Source Files\Status Effects</Filter>
    </ClCompile>
    <ClCompile Include="src\Clense.cpp">
      <Filter>Source Files\Status Effects</Filter>
    </ClCompile>
    <ClCompile Include="src\Provoked.cpp">
      <Filter>Source Files\Status Effects</Filter>
    </ClCompile>
    <ClCompile Include="src\Regens.cpp">
      <Filter>Source Files\Status Effects</Filter>
    </ClCompile>
    <ClCompile Include="src\Shields.cpp">
      <Filter>Source Files\Status Effects</Filter>
    </ClCompile>
    <ClCompile Include="src\StatUp.cpp">
      <Filter>Source Files\Status Effects</Filter>
    </ClCompile>
    <ClCompile Include="src\StatDown.cpp">
      <Filter>Source Files\Status Effects</Filter>
    </ClCompile>
    <ClCompile Include="src\StatusEffect.cpp">
      <Filter>Source Files\Status Effects</Filter>
    </ClCompile>
    <ClCompile Include="src\Stun.cpp">
      <Filter>Source Files\Status Effects</Filter>
    </ClCompile>
    <ClCompile Include="src\CharacterHUDElements.cpp">
      <Filter>Source Files\User Interface</Filter>
    </ClCompile>
    <ClCompile Include="src\GameUIManager.cpp">
      <Filter>Source Files\User Interface</Filter>
    </ClCompile>
    <ClCompile Include="src\MainMenuController.cpp">
      <Filter>Source Files\User Interface</Filter>
    </ClCompile>
    <ClCompile Include="src\SkillHoverComponent.cpp">
      <Filter>Source Files\User Interface</Filter>
    </ClCompile>
    <ClCompile Include="src\SkillHUDElements.cpp">
      <Filter>Source Files\User Interface</Filter>
    </ClCompile>
    <ClCompile Include="src\TeamSelectionController.cpp">
      <Filter>Source Files\User Interface</Filter>
    </ClCompile>
    <ClCompile Include="src\TowerSelectController.cpp">
      <Filter>Source Files\User Interface</Filter>
    </ClCompile>
    <ClCompile Include="src\AiKnowledge.cpp">
      <Filter>Source Files\Character</Filter>
    </ClCompile>
    <ClCompile Include="src\DyingDungeon.cpp">
      <Filter>Source Files</Filter>
    </ClCompile>
    <ClCompile Include="src\JudgementMover.cpp">
      <Filter>Source Files\VFX</Filter>
    </ClCompile>
    <ClCompile Include="src\PurifyMover.cpp">
      <Filter>Source Files\VFX</Filter>
    </ClCompile>
    <ClCompile Include="src\Converter.cpp">
      <Filter>Source Files</Filter>
    </ClCompile>
    <ClCompile Include="src\TowerSelectionPrefabFactory.cpp">
      <Filter>Source Files\PrefabMaker</Filter>
    </ClCompile>
  </ItemGroup>
  <ItemGroup>
    <ClInclude Include="src\RedAudio.h">
      <Filter>Header Files\Audio</Filter>
    </ClInclude>
    <ClInclude Include="src\RedAudioManager.h">
      <Filter>Header Files\Audio</Filter>
    </ClInclude>
    <ClInclude Include="src\AiMoves.h">
      <Filter>Header Files\Characters</Filter>
    </ClInclude>
    <ClInclude Include="src\Character.h">
      <Filter>Header Files\Characters</Filter>
    </ClInclude>
    <ClInclude Include="src\CharacterFactory.h">
      <Filter>Header Files\Characters</Filter>
    </ClInclude>
    <ClInclude Include="src\EnemyComponent.h">
      <Filter>Header Files\Characters</Filter>
    </ClInclude>
    <ClInclude Include="src\HeroComponent.h">
      <Filter>Header Files\Characters</Filter>
    </ClInclude>
    <ClInclude Include="src\BattleInstance.h">
      <Filter>Header Files\Game Management</Filter>
    </ClInclude>
    <ClInclude Include="src\CameraController.h">
      <Filter>Header Files\Game Management</Filter>
    </ClInclude>
    <ClInclude Include="src\LoadingScreenController.h">
      <Filter>Header Files\Game Management</Filter>
    </ClInclude>
    <ClInclude Include="src\SaveLoad.h">
      <Filter>Header Files\Game Management</Filter>
    </ClInclude>
    <ClInclude Include="src\TeamManager.h">
      <Filter>Header Files\Game Management</Filter>
    </ClInclude>
    <ClInclude Include="src\TowerManager.h">
      <Filter>Header Files\Game Management</Filter>
    </ClInclude>
    <ClInclude Include="src\Attack.h">
      <Filter>Header Files\Skills</Filter>
    </ClInclude>
    <ClInclude Include="src\Buffs.h">
      <Filter>Header Files\Skills</Filter>
    </ClInclude>
    <ClInclude Include="src\Heal.h">
      <Filter>Header Files\Skills</Filter>
    </ClInclude>
    <ClInclude Include="src\ParticleMover.h">
      <Filter>Header Files\Skills</Filter>
    </ClInclude>
    <ClInclude Include="src\Skills.h">
      <Filter>Header Files\Skills</Filter>
    </ClInclude>
    <ClInclude Include="src\SkillShowcase.h">
      <Filter>Header Files\Skills</Filter>
    </ClInclude>
    <ClInclude Include="src\StatTracker.h">
      <Filter>Header Files\Stat Tracking</Filter>
    </ClInclude>
    <ClInclude Include="src\StatusEvents.h">
      <Filter>Header Files\Stat Tracking</Filter>
    </ClInclude>
    <ClInclude Include="src\Bleed.h">
      <Filter>Header Files\Status Effects</Filter>
    </ClInclude>
    <ClInclude Include="src\Clense.h">
      <Filter>Header Files\Status Effects</Filter>
    </ClInclude>
    <ClInclude Include="src\Provoked.h">
      <Filter>Header Files\Status Effects</Filter>
    </ClInclude>
    <ClInclude Include="src\Regens.h">
      <Filter>Header Files\Status Effects</Filter>
    </ClInclude>
    <ClInclude Include="src\Shields.h">
      <Filter>Header Files\Status Effects</Filter>
    </ClInclude>
    <ClInclude Include="src\StatDown.h">
      <Filter>Header Files\Status Effects</Filter>
    </ClInclude>
    <ClInclude Include="src\StatUp.h">
      <Filter>Header Files\Status Effects</Filter>
    </ClInclude>
    <ClInclude Include="src\Stun.h">
      <Filter>Header Files\Status Effects</Filter>
    </ClInclude>
    <ClInclude Include="src\StatusEffect.h">
      <Filter>Header Files\Status Effects</Filter>
    </ClInclude>
    <ClInclude Include="src\CharacterHUDElements.h">
      <Filter>Header Files\User Interface</Filter>
    </ClInclude>
    <ClInclude Include="src\GameUIManager.h">
      <Filter>Header Files\User Interface</Filter>
    </ClInclude>
    <ClInclude Include="src\MainMenuController.h">
      <Filter>Header Files\User Interface</Filter>
    </ClInclude>
    <ClInclude Include="src\SkillHoverComponent.h">
      <Filter>Header Files\User Interface</Filter>
    </ClInclude>
    <ClInclude Include="src\SkillHUDElements.h">
      <Filter>Header Files\User Interface</Filter>
    </ClInclude>
    <ClInclude Include="src\TeamSelectionController.h">
      <Filter>Header Files\User Interface</Filter>
    </ClInclude>
    <ClInclude Include="src\TowerSelectController.h">
      <Filter>Header Files\User Interface</Filter>
    </ClInclude>
    <ClInclude Include="src\targetver.h">
      <Filter>Resource Files</Filter>
    </ClInclude>
    <ClInclude Include="src\Resource.h">
      <Filter>Resource Files</Filter>
    </ClInclude>
    <ClInclude Include="src\AiKnowledge.h">
      <Filter>Header Files\Characters</Filter>
    </ClInclude>
    <ClInclude Include="src\DyingDungeon.h">
      <Filter>Header Files</Filter>
    </ClInclude>
    <ClInclude Include="src\PurifyMover.h">
      <Filter>Header Files\VFX</Filter>
    </ClInclude>
    <ClInclude Include="src\JudgementMover.h">
      <Filter>Header Files\VFX</Filter>
    </ClInclude>
    <ClInclude Include="src\Converter.h">
      <Filter>Header Files</Filter>
    </ClInclude>
    <ClInclude Include="src\GameplayTypes.h">
      <Filter>Header Files</Filter>
    </ClInclude>
    <ClInclude Include="src\MyTypeDefs.h">
      <Filter>Header Files</Filter>
    </ClInclude>
    <ClInclude Include="src\CombatEvents.h">
      <Filter>Header Files</Filter>
    </ClInclude>
    <ClInclude Include="src\TowerSelectionPrefabFactory.h">
      <Filter>Header Files\PrefabMaker</Filter>
    </ClInclude>
  </ItemGroup>
  <ItemGroup>
    <Image Include="res\small.ico">
      <Filter>Resource Files</Filter>
    </Image>
    <Image Include="res\DyingDungeon.ico">
      <Filter>Resource Files</Filter>
    </Image>
  </ItemGroup>
  <ItemGroup>
    <None Include="packages.config" />
  </ItemGroup>
  <ItemGroup>
    <Filter Include="Header Files">
      <UniqueIdentifier>{e63098b2-ac7b-45f8-a2bf-26cbc9a85b76}</UniqueIdentifier>
    </Filter>
    <Filter Include="Header Files\Audio">
      <UniqueIdentifier>{86da402d-4d86-4db1-921c-985d5d550711}</UniqueIdentifier>
    </Filter>
    <Filter Include="Header Files\Characters">
      <UniqueIdentifier>{bbe3a366-4ae4-489c-8e88-c981f3477774}</UniqueIdentifier>
    </Filter>
    <Filter Include="Header Files\Game Management">
      <UniqueIdentifier>{4e1fe98e-f67e-42ec-a915-5db06149ac92}</UniqueIdentifier>
    </Filter>
    <Filter Include="Header Files\User Interface">
      <UniqueIdentifier>{33304b41-8b5c-4427-969e-4e85d50aa594}</UniqueIdentifier>
    </Filter>
    <Filter Include="Header Files\Skills">
      <UniqueIdentifier>{8fa0b805-3a50-4766-b3ad-911aa965ce0e}</UniqueIdentifier>
    </Filter>
    <Filter Include="Header Files\Stat Tracking">
      <UniqueIdentifier>{6e2f4aed-7b80-4bf0-9c12-4debafafdff8}</UniqueIdentifier>
    </Filter>
    <Filter Include="Header Files\Status Effects">
      <UniqueIdentifier>{adb11186-dc6b-486a-864f-7e1be05eebbc}</UniqueIdentifier>
    </Filter>
    <Filter Include="Resource Files">
      <UniqueIdentifier>{d5e39e99-2a50-4a0c-b1f8-59716a15065a}</UniqueIdentifier>
    </Filter>
    <Filter Include="Source Files">
      <UniqueIdentifier>{64826719-310e-4d69-94a0-87aff2ad0e7f}</UniqueIdentifier>
    </Filter>
    <Filter Include="Source Files\Audio">
      <UniqueIdentifier>{a089e02c-f0f0-4ffb-9a06-876e18c63d79}</UniqueIdentifier>
    </Filter>
    <Filter Include="Source Files\Character">
      <UniqueIdentifier>{45fb9a63-e324-4852-ba14-ddd6c7ab6cde}</UniqueIdentifier>
    </Filter>
    <Filter Include="Source Files\Game Management">
      <UniqueIdentifier>{a6da48f1-b7d1-4da7-a0ed-84e1bdcb4a0c}</UniqueIdentifier>
    </Filter>
    <Filter Include="Source Files\Stat Tracking">
      <UniqueIdentifier>{632b9256-bd60-43df-9b4b-b2c7e87fa8d2}</UniqueIdentifier>
    </Filter>
    <Filter Include="Source Files\Status Effects">
      <UniqueIdentifier>{6f0fb605-e0c1-4aaf-8ec6-9c626d09b18a}</UniqueIdentifier>
    </Filter>
    <Filter Include="Source Files\User Interface">
      <UniqueIdentifier>{8c0752dc-0bed-40b2-b686-4e82f55d6127}</UniqueIdentifier>
    </Filter>
    <Filter Include="Source Files\Skills">
      <UniqueIdentifier>{fd9d79fa-8756-4416-b5be-55dcd6d5aa81}</UniqueIdentifier>
    </Filter>
    <Filter Include="Header Files\VFX">
      <UniqueIdentifier>{7e71a284-9d00-4e4c-9848-66d924328bbb}</UniqueIdentifier>
    </Filter>
    <Filter Include="Source Files\VFX">
      <UniqueIdentifier>{f4e7471e-4388-406c-a1f9-528ec2c53d27}</UniqueIdentifier>
    </Filter>
    <Filter Include="Source Files\PrefabMaker">
      <UniqueIdentifier>{a3836ed0-7ddd-4382-9048-f522dfb6cb29}</UniqueIdentifier>
    </Filter>
    <Filter Include="Header Files\PrefabMaker">
      <UniqueIdentifier>{4a12ea36-aeaa-4b2d-93a5-11ffeb7f5dd5}</UniqueIdentifier>
    </Filter>
  </ItemGroup>
  <ItemGroup>
    <ResourceCompile Include="DyingDungeon.rc">
      <Filter>Resource Files</Filter>
    </ResourceCompile>
  </ItemGroup>
</Project>